// !$*UTF8*$!
{
	archiveVersion = 1;
	classes = {
	};
	objectVersion = 50;
	objects = {

/* Begin PBXBuildFile section */
		2978A24024A1D7DA00FB5231 /* AppDelegate.swift in Sources */ = {isa = PBXBuildFile; fileRef = 2978A23F24A1D7DA00FB5231 /* AppDelegate.swift */; };
		2978A24224A1D7DA00FB5231 /* SceneDelegate.swift in Sources */ = {isa = PBXBuildFile; fileRef = 2978A24124A1D7DA00FB5231 /* SceneDelegate.swift */; };
		2978A24424A1D7DA00FB5231 /* FirstViewController.swift in Sources */ = {isa = PBXBuildFile; fileRef = 2978A24324A1D7DA00FB5231 /* FirstViewController.swift */; };
		2978A24624A1D7DA00FB5231 /* SecondViewController.swift in Sources */ = {isa = PBXBuildFile; fileRef = 2978A24524A1D7DA00FB5231 /* SecondViewController.swift */; };
		2978A24924A1D7DA00FB5231 /* Main.storyboard in Resources */ = {isa = PBXBuildFile; fileRef = 2978A24724A1D7DA00FB5231 /* Main.storyboard */; };
		2978A24C24A1D7DA00FB5231 /* HowToSurviveThePolice.xcdatamodeld in Sources */ = {isa = PBXBuildFile; fileRef = 2978A24A24A1D7DA00FB5231 /* HowToSurviveThePolice.xcdatamodeld */; };
		2978A24E24A1D7DC00FB5231 /* Assets.xcassets in Resources */ = {isa = PBXBuildFile; fileRef = 2978A24D24A1D7DC00FB5231 /* Assets.xcassets */; };
		2978A25124A1D7DC00FB5231 /* LaunchScreen.storyboard in Resources */ = {isa = PBXBuildFile; fileRef = 2978A24F24A1D7DC00FB5231 /* LaunchScreen.storyboard */; };
		2978A25C24A1D7DD00FB5231 /* HowToSurviveThePoliceTests.swift in Sources */ = {isa = PBXBuildFile; fileRef = 2978A25B24A1D7DD00FB5231 /* HowToSurviveThePoliceTests.swift */; };
		2978A26724A1D7DD00FB5231 /* HowToSurviveThePoliceUITests.swift in Sources */ = {isa = PBXBuildFile; fileRef = 2978A26624A1D7DD00FB5231 /* HowToSurviveThePoliceUITests.swift */; };
		2989F81324B6D8CD00279F04 /* WhatToBring.txt in Resources */ = {isa = PBXBuildFile; fileRef = 2989F81224B6D8CD00279F04 /* WhatToBring.txt */; };
		2989F81524B6D90100279F04 /* FindAProtest.txt in Resources */ = {isa = PBXBuildFile; fileRef = 2989F81424B6D90100279F04 /* FindAProtest.txt */; };
		2989F81724B6D92400279F04 /* WhatToWear.txt in Resources */ = {isa = PBXBuildFile; fileRef = 2989F81624B6D92400279F04 /* WhatToWear.txt */; };
		2989F81924B6D95E00279F04 /* Mace.txt in Resources */ = {isa = PBXBuildFile; fileRef = 2989F81824B6D95E00279F04 /* Mace.txt */; };
		2989F81B24B6D97400279F04 /* RubberBullets.txt in Resources */ = {isa = PBXBuildFile; fileRef = 2989F81A24B6D97400279F04 /* RubberBullets.txt */; };
		2989F81D24B6D98E00279F04 /* TearGas.txt in Resources */ = {isa = PBXBuildFile; fileRef = 2989F81C24B6D98E00279F04 /* TearGas.txt */; };
		2989F81F24B7022D00279F04 /* BeforeCollectionViewController.swift in Sources */ = {isa = PBXBuildFile; fileRef = 2989F81E24B7022D00279F04 /* BeforeCollectionViewController.swift */; };
/* End PBXBuildFile section */

/* Begin PBXContainerItemProxy section */
		2978A25824A1D7DD00FB5231 /* PBXContainerItemProxy */ = {
			isa = PBXContainerItemProxy;
			containerPortal = 2978A23424A1D7DA00FB5231 /* Project object */;
			proxyType = 1;
			remoteGlobalIDString = 2978A23B24A1D7DA00FB5231;
			remoteInfo = HowToSurviveThePolice;
		};
		2978A26324A1D7DD00FB5231 /* PBXContainerItemProxy */ = {
			isa = PBXContainerItemProxy;
			containerPortal = 2978A23424A1D7DA00FB5231 /* Project object */;
			proxyType = 1;
			remoteGlobalIDString = 2978A23B24A1D7DA00FB5231;
			remoteInfo = HowToSurviveThePolice;
		};
/* End PBXContainerItemProxy section */

/* Begin PBXFileReference section */
		2978A23C24A1D7DA00FB5231 /* HowToSurviveThePolice.app */ = {isa = PBXFileReference; explicitFileType = wrapper.application; includeInIndex = 0; path = HowToSurviveThePolice.app; sourceTree = BUILT_PRODUCTS_DIR; };
		2978A23F24A1D7DA00FB5231 /* AppDelegate.swift */ = {isa = PBXFileReference; lastKnownFileType = sourcecode.swift; path = AppDelegate.swift; sourceTree = "<group>"; };
		2978A24124A1D7DA00FB5231 /* SceneDelegate.swift */ = {isa = PBXFileReference; lastKnownFileType = sourcecode.swift; path = SceneDelegate.swift; sourceTree = "<group>"; };
		2978A24324A1D7DA00FB5231 /* FirstViewController.swift */ = {isa = PBXFileReference; lastKnownFileType = sourcecode.swift; path = FirstViewController.swift; sourceTree = "<group>"; };
		2978A24524A1D7DA00FB5231 /* SecondViewController.swift */ = {isa = PBXFileReference; lastKnownFileType = sourcecode.swift; path = SecondViewController.swift; sourceTree = "<group>"; };
		2978A24824A1D7DA00FB5231 /* Base */ = {isa = PBXFileReference; lastKnownFileType = file.storyboard; name = Base; path = Base.lproj/Main.storyboard; sourceTree = "<group>"; };
		2978A24B24A1D7DA00FB5231 /* HowToSurviveThePolice.xcdatamodel */ = {isa = PBXFileReference; lastKnownFileType = wrapper.xcdatamodel; path = HowToSurviveThePolice.xcdatamodel; sourceTree = "<group>"; };
		2978A24D24A1D7DC00FB5231 /* Assets.xcassets */ = {isa = PBXFileReference; lastKnownFileType = folder.assetcatalog; path = Assets.xcassets; sourceTree = "<group>"; };
		2978A25024A1D7DC00FB5231 /* Base */ = {isa = PBXFileReference; lastKnownFileType = file.storyboard; name = Base; path = Base.lproj/LaunchScreen.storyboard; sourceTree = "<group>"; };
		2978A25224A1D7DD00FB5231 /* Info.plist */ = {isa = PBXFileReference; lastKnownFileType = text.plist.xml; path = Info.plist; sourceTree = "<group>"; };
		2978A25724A1D7DD00FB5231 /* HowToSurviveThePoliceTests.xctest */ = {isa = PBXFileReference; explicitFileType = wrapper.cfbundle; includeInIndex = 0; path = HowToSurviveThePoliceTests.xctest; sourceTree = BUILT_PRODUCTS_DIR; };
		2978A25B24A1D7DD00FB5231 /* HowToSurviveThePoliceTests.swift */ = {isa = PBXFileReference; lastKnownFileType = sourcecode.swift; path = HowToSurviveThePoliceTests.swift; sourceTree = "<group>"; };
		2978A25D24A1D7DD00FB5231 /* Info.plist */ = {isa = PBXFileReference; lastKnownFileType = text.plist.xml; path = Info.plist; sourceTree = "<group>"; };
		2978A26224A1D7DD00FB5231 /* HowToSurviveThePoliceUITests.xctest */ = {isa = PBXFileReference; explicitFileType = wrapper.cfbundle; includeInIndex = 0; path = HowToSurviveThePoliceUITests.xctest; sourceTree = BUILT_PRODUCTS_DIR; };
		2978A26624A1D7DD00FB5231 /* HowToSurviveThePoliceUITests.swift */ = {isa = PBXFileReference; lastKnownFileType = sourcecode.swift; path = HowToSurviveThePoliceUITests.swift; sourceTree = "<group>"; };
		2978A26824A1D7DD00FB5231 /* Info.plist */ = {isa = PBXFileReference; lastKnownFileType = text.plist.xml; path = Info.plist; sourceTree = "<group>"; };
		2989F81224B6D8CD00279F04 /* WhatToBring.txt */ = {isa = PBXFileReference; lastKnownFileType = text; path = WhatToBring.txt; sourceTree = "<group>"; };
		2989F81424B6D90100279F04 /* FindAProtest.txt */ = {isa = PBXFileReference; lastKnownFileType = text; path = FindAProtest.txt; sourceTree = "<group>"; };
		2989F81624B6D92400279F04 /* WhatToWear.txt */ = {isa = PBXFileReference; lastKnownFileType = text; path = WhatToWear.txt; sourceTree = "<group>"; };
		2989F81824B6D95E00279F04 /* Mace.txt */ = {isa = PBXFileReference; lastKnownFileType = text; path = Mace.txt; sourceTree = "<group>"; };
		2989F81A24B6D97400279F04 /* RubberBullets.txt */ = {isa = PBXFileReference; lastKnownFileType = text; path = RubberBullets.txt; sourceTree = "<group>"; };
		2989F81C24B6D98E00279F04 /* TearGas.txt */ = {isa = PBXFileReference; lastKnownFileType = text; path = TearGas.txt; sourceTree = "<group>"; };
		2989F81E24B7022D00279F04 /* BeforeCollectionViewController.swift */ = {isa = PBXFileReference; lastKnownFileType = sourcecode.swift; path = BeforeCollectionViewController.swift; sourceTree = "<group>"; };
/* End PBXFileReference section */

/* Begin PBXFrameworksBuildPhase section */
		2978A23924A1D7DA00FB5231 /* Frameworks */ = {
			isa = PBXFrameworksBuildPhase;
			buildActionMask = 2147483647;
			files = (
			);
			runOnlyForDeploymentPostprocessing = 0;
		};
		2978A25424A1D7DD00FB5231 /* Frameworks */ = {
			isa = PBXFrameworksBuildPhase;
			buildActionMask = 2147483647;
			files = (
			);
			runOnlyForDeploymentPostprocessing = 0;
		};
		2978A25F24A1D7DD00FB5231 /* Frameworks */ = {
			isa = PBXFrameworksBuildPhase;
			buildActionMask = 2147483647;
			files = (
			);
			runOnlyForDeploymentPostprocessing = 0;
		};
/* End PBXFrameworksBuildPhase section */

/* Begin PBXGroup section */
		2978A23324A1D7DA00FB5231 = {
			isa = PBXGroup;
			children = (
				2978A23E24A1D7DA00FB5231 /* HowToSurviveThePolice */,
				2978A25A24A1D7DD00FB5231 /* HowToSurviveThePoliceTests */,
				2978A26524A1D7DD00FB5231 /* HowToSurviveThePoliceUITests */,
				2978A23D24A1D7DA00FB5231 /* Products */,
			);
			sourceTree = "<group>";
		};
		2978A23D24A1D7DA00FB5231 /* Products */ = {
			isa = PBXGroup;
			children = (
				2978A23C24A1D7DA00FB5231 /* HowToSurviveThePolice.app */,
				2978A25724A1D7DD00FB5231 /* HowToSurviveThePoliceTests.xctest */,
				2978A26224A1D7DD00FB5231 /* HowToSurviveThePoliceUITests.xctest */,
			);
			name = Products;
			sourceTree = "<group>";
		};
		2978A23E24A1D7DA00FB5231 /* HowToSurviveThePolice */ = {
			isa = PBXGroup;
			children = (
				2989F80E24B6D7B200279F04 /* Resources */,
				2989F80D24B6D79900279F04 /* Views */,
				2989F80C24B6D77400279F04 /* Delegates */,
				2989F80B24B6D72800279F04 /* Controllers */,
				2978A24D24A1D7DC00FB5231 /* Assets.xcassets */,
				2978A25224A1D7DD00FB5231 /* Info.plist */,
				2978A24A24A1D7DA00FB5231 /* HowToSurviveThePolice.xcdatamodeld */,
			);
			path = HowToSurviveThePolice;
			sourceTree = "<group>";
		};
		2978A25A24A1D7DD00FB5231 /* HowToSurviveThePoliceTests */ = {
			isa = PBXGroup;
			children = (
				2978A25B24A1D7DD00FB5231 /* HowToSurviveThePoliceTests.swift */,
				2978A25D24A1D7DD00FB5231 /* Info.plist */,
			);
			path = HowToSurviveThePoliceTests;
			sourceTree = "<group>";
		};
		2978A26524A1D7DD00FB5231 /* HowToSurviveThePoliceUITests */ = {
			isa = PBXGroup;
			children = (
				2978A26624A1D7DD00FB5231 /* HowToSurviveThePoliceUITests.swift */,
				2978A26824A1D7DD00FB5231 /* Info.plist */,
			);
			path = HowToSurviveThePoliceUITests;
			sourceTree = "<group>";
		};
		2989F80B24B6D72800279F04 /* Controllers */ = {
			isa = PBXGroup;
			children = (
				2978A24324A1D7DA00FB5231 /* FirstViewController.swift */,
				2978A24524A1D7DA00FB5231 /* SecondViewController.swift */,
				2989F81E24B7022D00279F04 /* BeforeCollectionViewController.swift */,
			);
			path = Controllers;
			sourceTree = "<group>";
		};
		2989F80C24B6D77400279F04 /* Delegates */ = {
			isa = PBXGroup;
			children = (
				2978A23F24A1D7DA00FB5231 /* AppDelegate.swift */,
				2978A24124A1D7DA00FB5231 /* SceneDelegate.swift */,
			);
			path = Delegates;
			sourceTree = "<group>";
		};
		2989F80D24B6D79900279F04 /* Views */ = {
			isa = PBXGroup;
			children = (
				2978A24724A1D7DA00FB5231 /* Main.storyboard */,
				2978A24F24A1D7DC00FB5231 /* LaunchScreen.storyboard */,
			);
			path = Views;
			sourceTree = "<group>";
		};
		2989F80E24B6D7B200279F04 /* Resources */ = {
			isa = PBXGroup;
			children = (
				2989F80F24B6D7C300279F04 /* Text */,
			);
			path = Resources;
			sourceTree = "<group>";
		};
		2989F80F24B6D7C300279F04 /* Text */ = {
			isa = PBXGroup;
			children = (
				2989F81024B6D84200279F04 /* Before */,
				2989F81124B6D87600279F04 /* During */,
			);
			path = Text;
			sourceTree = "<group>";
		};
		2989F81024B6D84200279F04 /* Before */ = {
			isa = PBXGroup;
			children = (
				2989F81424B6D90100279F04 /* FindAProtest.txt */,
				2989F81224B6D8CD00279F04 /* WhatToBring.txt */,
				2989F81624B6D92400279F04 /* WhatToWear.txt */,
			);
			path = Before;
			sourceTree = "<group>";
		};
		2989F81124B6D87600279F04 /* During */ = {
			isa = PBXGroup;
			children = (
				2989F81824B6D95E00279F04 /* Mace.txt */,
				2989F81A24B6D97400279F04 /* RubberBullets.txt */,
				2989F81C24B6D98E00279F04 /* TearGas.txt */,
			);
			path = During;
			sourceTree = "<group>";
		};
/* End PBXGroup section */

/* Begin PBXNativeTarget section */
		2978A23B24A1D7DA00FB5231 /* HowToSurviveThePolice */ = {
			isa = PBXNativeTarget;
			buildConfigurationList = 2978A26B24A1D7DD00FB5231 /* Build configuration list for PBXNativeTarget "HowToSurviveThePolice" */;
			buildPhases = (
				2978A23824A1D7DA00FB5231 /* Sources */,
				2978A23924A1D7DA00FB5231 /* Frameworks */,
				2978A23A24A1D7DA00FB5231 /* Resources */,
			);
			buildRules = (
			);
			dependencies = (
			);
			name = HowToSurviveThePolice;
			productName = HowToSurviveThePolice;
			productReference = 2978A23C24A1D7DA00FB5231 /* HowToSurviveThePolice.app */;
			productType = "com.apple.product-type.application";
		};
		2978A25624A1D7DD00FB5231 /* HowToSurviveThePoliceTests */ = {
			isa = PBXNativeTarget;
			buildConfigurationList = 2978A26E24A1D7DD00FB5231 /* Build configuration list for PBXNativeTarget "HowToSurviveThePoliceTests" */;
			buildPhases = (
				2978A25324A1D7DD00FB5231 /* Sources */,
				2978A25424A1D7DD00FB5231 /* Frameworks */,
				2978A25524A1D7DD00FB5231 /* Resources */,
			);
			buildRules = (
			);
			dependencies = (
				2978A25924A1D7DD00FB5231 /* PBXTargetDependency */,
			);
			name = HowToSurviveThePoliceTests;
			productName = HowToSurviveThePoliceTests;
			productReference = 2978A25724A1D7DD00FB5231 /* HowToSurviveThePoliceTests.xctest */;
			productType = "com.apple.product-type.bundle.unit-test";
		};
		2978A26124A1D7DD00FB5231 /* HowToSurviveThePoliceUITests */ = {
			isa = PBXNativeTarget;
			buildConfigurationList = 2978A27124A1D7DD00FB5231 /* Build configuration list for PBXNativeTarget "HowToSurviveThePoliceUITests" */;
			buildPhases = (
				2978A25E24A1D7DD00FB5231 /* Sources */,
				2978A25F24A1D7DD00FB5231 /* Frameworks */,
				2978A26024A1D7DD00FB5231 /* Resources */,
			);
			buildRules = (
			);
			dependencies = (
				2978A26424A1D7DD00FB5231 /* PBXTargetDependency */,
			);
			name = HowToSurviveThePoliceUITests;
			productName = HowToSurviveThePoliceUITests;
			productReference = 2978A26224A1D7DD00FB5231 /* HowToSurviveThePoliceUITests.xctest */;
			productType = "com.apple.product-type.bundle.ui-testing";
		};
/* End PBXNativeTarget section */

/* Begin PBXProject section */
		2978A23424A1D7DA00FB5231 /* Project object */ = {
			isa = PBXProject;
			attributes = {
				LastSwiftUpdateCheck = 1130;
				LastUpgradeCheck = 1130;
				ORGANIZATIONNAME = ACAB;
				TargetAttributes = {
					2978A23B24A1D7DA00FB5231 = {
						CreatedOnToolsVersion = 11.3.1;
					};
					2978A25624A1D7DD00FB5231 = {
						CreatedOnToolsVersion = 11.3.1;
						TestTargetID = 2978A23B24A1D7DA00FB5231;
					};
					2978A26124A1D7DD00FB5231 = {
						CreatedOnToolsVersion = 11.3.1;
						TestTargetID = 2978A23B24A1D7DA00FB5231;
					};
				};
			};
			buildConfigurationList = 2978A23724A1D7DA00FB5231 /* Build configuration list for PBXProject "HowToSurviveThePolice" */;
			compatibilityVersion = "Xcode 9.3";
			developmentRegion = en;
			hasScannedForEncodings = 0;
			knownRegions = (
				en,
				Base,
			);
			mainGroup = 2978A23324A1D7DA00FB5231;
			productRefGroup = 2978A23D24A1D7DA00FB5231 /* Products */;
			projectDirPath = "";
			projectRoot = "";
			targets = (
				2978A23B24A1D7DA00FB5231 /* HowToSurviveThePolice */,
				2978A25624A1D7DD00FB5231 /* HowToSurviveThePoliceTests */,
				2978A26124A1D7DD00FB5231 /* HowToSurviveThePoliceUITests */,
			);
		};
/* End PBXProject section */

/* Begin PBXResourcesBuildPhase section */
		2978A23A24A1D7DA00FB5231 /* Resources */ = {
			isa = PBXResourcesBuildPhase;
			buildActionMask = 2147483647;
			files = (
				2989F81524B6D90100279F04 /* FindAProtest.txt in Resources */,
				2978A25124A1D7DC00FB5231 /* LaunchScreen.storyboard in Resources */,
				2978A24E24A1D7DC00FB5231 /* Assets.xcassets in Resources */,
				2989F81324B6D8CD00279F04 /* WhatToBring.txt in Resources */,
				2989F81D24B6D98E00279F04 /* TearGas.txt in Resources */,
				2989F81B24B6D97400279F04 /* RubberBullets.txt in Resources */,
				2989F81724B6D92400279F04 /* WhatToWear.txt in Resources */,
				2978A24924A1D7DA00FB5231 /* Main.storyboard in Resources */,
				2989F81924B6D95E00279F04 /* Mace.txt in Resources */,
			);
			runOnlyForDeploymentPostprocessing = 0;
		};
		2978A25524A1D7DD00FB5231 /* Resources */ = {
			isa = PBXResourcesBuildPhase;
			buildActionMask = 2147483647;
			files = (
			);
			runOnlyForDeploymentPostprocessing = 0;
		};
		2978A26024A1D7DD00FB5231 /* Resources */ = {
			isa = PBXResourcesBuildPhase;
			buildActionMask = 2147483647;
			files = (
			);
			runOnlyForDeploymentPostprocessing = 0;
		};
/* End PBXResourcesBuildPhase section */

/* Begin PBXSourcesBuildPhase section */
		2978A23824A1D7DA00FB5231 /* Sources */ = {
			isa = PBXSourcesBuildPhase;
			buildActionMask = 2147483647;
			files = (
				2978A24624A1D7DA00FB5231 /* SecondViewController.swift in Sources */,
				2978A24424A1D7DA00FB5231 /* FirstViewController.swift in Sources */,
				2978A24024A1D7DA00FB5231 /* AppDelegate.swift in Sources */,
				2978A24224A1D7DA00FB5231 /* SceneDelegate.swift in Sources */,
				2978A24C24A1D7DA00FB5231 /* HowToSurviveThePolice.xcdatamodeld in Sources */,
				2989F81F24B7022D00279F04 /* BeforeCollectionViewController.swift in Sources */,
			);
			runOnlyForDeploymentPostprocessing = 0;
		};
		2978A25324A1D7DD00FB5231 /* Sources */ = {
			isa = PBXSourcesBuildPhase;
			buildActionMask = 2147483647;
			files = (
				2978A25C24A1D7DD00FB5231 /* HowToSurviveThePoliceTests.swift in Sources */,
			);
			runOnlyForDeploymentPostprocessing = 0;
		};
		2978A25E24A1D7DD00FB5231 /* Sources */ = {
			isa = PBXSourcesBuildPhase;
			buildActionMask = 2147483647;
			files = (
				2978A26724A1D7DD00FB5231 /* HowToSurviveThePoliceUITests.swift in Sources */,
			);
			runOnlyForDeploymentPostprocessing = 0;
		};
/* End PBXSourcesBuildPhase section */

/* Begin PBXTargetDependency section */
		2978A25924A1D7DD00FB5231 /* PBXTargetDependency */ = {
			isa = PBXTargetDependency;
			target = 2978A23B24A1D7DA00FB5231 /* HowToSurviveThePolice */;
			targetProxy = 2978A25824A1D7DD00FB5231 /* PBXContainerItemProxy */;
		};
		2978A26424A1D7DD00FB5231 /* PBXTargetDependency */ = {
			isa = PBXTargetDependency;
			target = 2978A23B24A1D7DA00FB5231 /* HowToSurviveThePolice */;
			targetProxy = 2978A26324A1D7DD00FB5231 /* PBXContainerItemProxy */;
		};
/* End PBXTargetDependency section */

/* Begin PBXVariantGroup section */
		2978A24724A1D7DA00FB5231 /* Main.storyboard */ = {
			isa = PBXVariantGroup;
			children = (
				2978A24824A1D7DA00FB5231 /* Base */,
			);
			name = Main.storyboard;
			sourceTree = "<group>";
		};
		2978A24F24A1D7DC00FB5231 /* LaunchScreen.storyboard */ = {
			isa = PBXVariantGroup;
			children = (
				2978A25024A1D7DC00FB5231 /* Base */,
			);
			name = LaunchScreen.storyboard;
			sourceTree = "<group>";
		};
/* End PBXVariantGroup section */

/* Begin XCBuildConfiguration section */
		2978A26924A1D7DD00FB5231 /* Debug */ = {
			isa = XCBuildConfiguration;
			buildSettings = {
				ALWAYS_SEARCH_USER_PATHS = NO;
				CLANG_ANALYZER_NONNULL = YES;
				CLANG_ANALYZER_NUMBER_OBJECT_CONVERSION = YES_AGGRESSIVE;
				CLANG_CXX_LANGUAGE_STANDARD = "gnu++14";
				CLANG_CXX_LIBRARY = "libc++";
				CLANG_ENABLE_MODULES = YES;
				CLANG_ENABLE_OBJC_ARC = YES;
				CLANG_ENABLE_OBJC_WEAK = YES;
				CLANG_WARN_BLOCK_CAPTURE_AUTORELEASING = YES;
				CLANG_WARN_BOOL_CONVERSION = YES;
				CLANG_WARN_COMMA = YES;
				CLANG_WARN_CONSTANT_CONVERSION = YES;
				CLANG_WARN_DEPRECATED_OBJC_IMPLEMENTATIONS = YES;
				CLANG_WARN_DIRECT_OBJC_ISA_USAGE = YES_ERROR;
				CLANG_WARN_DOCUMENTATION_COMMENTS = YES;
				CLANG_WARN_EMPTY_BODY = YES;
				CLANG_WARN_ENUM_CONVERSION = YES;
				CLANG_WARN_INFINITE_RECURSION = YES;
				CLANG_WARN_INT_CONVERSION = YES;
				CLANG_WARN_NON_LITERAL_NULL_CONVERSION = YES;
				CLANG_WARN_OBJC_IMPLICIT_RETAIN_SELF = YES;
				CLANG_WARN_OBJC_LITERAL_CONVERSION = YES;
				CLANG_WARN_OBJC_ROOT_CLASS = YES_ERROR;
				CLANG_WARN_RANGE_LOOP_ANALYSIS = YES;
				CLANG_WARN_STRICT_PROTOTYPES = YES;
				CLANG_WARN_SUSPICIOUS_MOVE = YES;
				CLANG_WARN_UNGUARDED_AVAILABILITY = YES_AGGRESSIVE;
				CLANG_WARN_UNREACHABLE_CODE = YES;
				CLANG_WARN__DUPLICATE_METHOD_MATCH = YES;
				COPY_PHASE_STRIP = NO;
				DEBUG_INFORMATION_FORMAT = dwarf;
				ENABLE_STRICT_OBJC_MSGSEND = YES;
				ENABLE_TESTABILITY = YES;
				GCC_C_LANGUAGE_STANDARD = gnu11;
				GCC_DYNAMIC_NO_PIC = NO;
				GCC_NO_COMMON_BLOCKS = YES;
				GCC_OPTIMIZATION_LEVEL = 0;
				GCC_PREPROCESSOR_DEFINITIONS = (
					"DEBUG=1",
					"$(inherited)",
				);
				GCC_WARN_64_TO_32_BIT_CONVERSION = YES;
				GCC_WARN_ABOUT_RETURN_TYPE = YES_ERROR;
				GCC_WARN_UNDECLARED_SELECTOR = YES;
				GCC_WARN_UNINITIALIZED_AUTOS = YES_AGGRESSIVE;
				GCC_WARN_UNUSED_FUNCTION = YES;
				GCC_WARN_UNUSED_VARIABLE = YES;
				IPHONEOS_DEPLOYMENT_TARGET = 13.2;
				MTL_ENABLE_DEBUG_INFO = INCLUDE_SOURCE;
				MTL_FAST_MATH = YES;
				ONLY_ACTIVE_ARCH = YES;
				SDKROOT = iphoneos;
				SWIFT_ACTIVE_COMPILATION_CONDITIONS = DEBUG;
				SWIFT_OPTIMIZATION_LEVEL = "-Onone";
			};
			name = Debug;
		};
		2978A26A24A1D7DD00FB5231 /* Release */ = {
			isa = XCBuildConfiguration;
			buildSettings = {
				ALWAYS_SEARCH_USER_PATHS = NO;
				CLANG_ANALYZER_NONNULL = YES;
				CLANG_ANALYZER_NUMBER_OBJECT_CONVERSION = YES_AGGRESSIVE;
				CLANG_CXX_LANGUAGE_STANDARD = "gnu++14";
				CLANG_CXX_LIBRARY = "libc++";
				CLANG_ENABLE_MODULES = YES;
				CLANG_ENABLE_OBJC_ARC = YES;
				CLANG_ENABLE_OBJC_WEAK = YES;
				CLANG_WARN_BLOCK_CAPTURE_AUTORELEASING = YES;
				CLANG_WARN_BOOL_CONVERSION = YES;
				CLANG_WARN_COMMA = YES;
				CLANG_WARN_CONSTANT_CONVERSION = YES;
				CLANG_WARN_DEPRECATED_OBJC_IMPLEMENTATIONS = YES;
				CLANG_WARN_DIRECT_OBJC_ISA_USAGE = YES_ERROR;
				CLANG_WARN_DOCUMENTATION_COMMENTS = YES;
				CLANG_WARN_EMPTY_BODY = YES;
				CLANG_WARN_ENUM_CONVERSION = YES;
				CLANG_WARN_INFINITE_RECURSION = YES;
				CLANG_WARN_INT_CONVERSION = YES;
				CLANG_WARN_NON_LITERAL_NULL_CONVERSION = YES;
				CLANG_WARN_OBJC_IMPLICIT_RETAIN_SELF = YES;
				CLANG_WARN_OBJC_LITERAL_CONVERSION = YES;
				CLANG_WARN_OBJC_ROOT_CLASS = YES_ERROR;
				CLANG_WARN_RANGE_LOOP_ANALYSIS = YES;
				CLANG_WARN_STRICT_PROTOTYPES = YES;
				CLANG_WARN_SUSPICIOUS_MOVE = YES;
				CLANG_WARN_UNGUARDED_AVAILABILITY = YES_AGGRESSIVE;
				CLANG_WARN_UNREACHABLE_CODE = YES;
				CLANG_WARN__DUPLICATE_METHOD_MATCH = YES;
				COPY_PHASE_STRIP = NO;
				DEBUG_INFORMATION_FORMAT = "dwarf-with-dsym";
				ENABLE_NS_ASSERTIONS = NO;
				ENABLE_STRICT_OBJC_MSGSEND = YES;
				GCC_C_LANGUAGE_STANDARD = gnu11;
				GCC_NO_COMMON_BLOCKS = YES;
				GCC_WARN_64_TO_32_BIT_CONVERSION = YES;
				GCC_WARN_ABOUT_RETURN_TYPE = YES_ERROR;
				GCC_WARN_UNDECLARED_SELECTOR = YES;
				GCC_WARN_UNINITIALIZED_AUTOS = YES_AGGRESSIVE;
				GCC_WARN_UNUSED_FUNCTION = YES;
				GCC_WARN_UNUSED_VARIABLE = YES;
				IPHONEOS_DEPLOYMENT_TARGET = 13.2;
				MTL_ENABLE_DEBUG_INFO = NO;
				MTL_FAST_MATH = YES;
				SDKROOT = iphoneos;
				SWIFT_COMPILATION_MODE = wholemodule;
				SWIFT_OPTIMIZATION_LEVEL = "-O";
				VALIDATE_PRODUCT = YES;
			};
			name = Release;
		};
		2978A26C24A1D7DD00FB5231 /* Debug */ = {
			isa = XCBuildConfiguration;
			buildSettings = {
				ASSETCATALOG_COMPILER_APPICON_NAME = AppIcon;
				CODE_SIGN_STYLE = Automatic;
				DEVELOPMENT_TEAM = U774TM88M6;
				INFOPLIST_FILE = HowToSurviveThePolice/Info.plist;
				LD_RUNPATH_SEARCH_PATHS = (
					"$(inherited)",
					"@executable_path/Frameworks",
				);
				PRODUCT_BUNDLE_IDENTIFIER = com.makeschool.HowToSurviveThePolice;
				PRODUCT_NAME = "$(TARGET_NAME)";
				SWIFT_VERSION = 5.0;
				TARGETED_DEVICE_FAMILY = "1,2";
			};
			name = Debug;
		};
		2978A26D24A1D7DD00FB5231 /* Release */ = {
			isa = XCBuildConfiguration;
			buildSettings = {
				ASSETCATALOG_COMPILER_APPICON_NAME = AppIcon;
				CODE_SIGN_STYLE = Automatic;
				DEVELOPMENT_TEAM = U774TM88M6;
				INFOPLIST_FILE = HowToSurviveThePolice/Info.plist;
				LD_RUNPATH_SEARCH_PATHS = (
					"$(inherited)",
					"@executable_path/Frameworks",
				);
				PRODUCT_BUNDLE_IDENTIFIER = com.makeschool.HowToSurviveThePolice;
				PRODUCT_NAME = "$(TARGET_NAME)";
				SWIFT_VERSION = 5.0;
				TARGETED_DEVICE_FAMILY = "1,2";
			};
			name = Release;
		};
		2978A26F24A1D7DD00FB5231 /* Debug */ = {
			isa = XCBuildConfiguration;
			buildSettings = {
				ALWAYS_EMBED_SWIFT_STANDARD_LIBRARIES = YES;
				BUNDLE_LOADER = "$(TEST_HOST)";
				CODE_SIGN_STYLE = Automatic;
				DEVELOPMENT_TEAM = U774TM88M6;
				INFOPLIST_FILE = HowToSurviveThePoliceTests/Info.plist;
				IPHONEOS_DEPLOYMENT_TARGET = 13.2;
				LD_RUNPATH_SEARCH_PATHS = (
					"$(inherited)",
					"@executable_path/Frameworks",
					"@loader_path/Frameworks",
				);
				PRODUCT_BUNDLE_IDENTIFIER = com.makeschool.HowToSurviveThePoliceTests;
				PRODUCT_NAME = "$(TARGET_NAME)";
				SWIFT_VERSION = 5.0;
				TARGETED_DEVICE_FAMILY = "1,2";
				TEST_HOST = "$(BUILT_PRODUCTS_DIR)/HowToSurviveThePolice.app/HowToSurviveThePolice";
			};
			name = Debug;
		};
		2978A27024A1D7DD00FB5231 /* Release */ = {
			isa = XCBuildConfiguration;
			buildSettings = {
				ALWAYS_EMBED_SWIFT_STANDARD_LIBRARIES = YES;
				BUNDLE_LOADER = "$(TEST_HOST)";
				CODE_SIGN_STYLE = Automatic;
				DEVELOPMENT_TEAM = U774TM88M6;
				INFOPLIST_FILE = HowToSurviveThePoliceTests/Info.plist;
				IPHONEOS_DEPLOYMENT_TARGET = 13.2;
				LD_RUNPATH_SEARCH_PATHS = (
					"$(inherited)",
					"@executable_path/Frameworks",
					"@loader_path/Frameworks",
				);
				PRODUCT_BUNDLE_IDENTIFIER = com.makeschool.HowToSurviveThePoliceTests;
				PRODUCT_NAME = "$(TARGET_NAME)";
				SWIFT_VERSION = 5.0;
				TARGETED_DEVICE_FAMILY = "1,2";
				TEST_HOST = "$(BUILT_PRODUCTS_DIR)/HowToSurviveThePolice.app/HowToSurviveThePolice";
			};
			name = Release;
		};
		2978A27224A1D7DD00FB5231 /* Debug */ = {
			isa = XCBuildConfiguration;
			buildSettings = {
				ALWAYS_EMBED_SWIFT_STANDARD_LIBRARIES = YES;
				CODE_SIGN_STYLE = Automatic;
				DEVELOPMENT_TEAM = U774TM88M6;
				INFOPLIST_FILE = HowToSurviveThePoliceUITests/Info.plist;
				LD_RUNPATH_SEARCH_PATHS = (
					"$(inherited)",
					"@executable_path/Frameworks",
					"@loader_path/Frameworks",
				);
				PRODUCT_BUNDLE_IDENTIFIER = com.makeschool.HowToSurviveThePoliceUITests;
				PRODUCT_NAME = "$(TARGET_NAME)";
				SWIFT_VERSION = 5.0;
				TARGETED_DEVICE_FAMILY = "1,2";
				TEST_TARGET_NAME = HowToSurviveThePolice;
			};
			name = Debug;
		};
		2978A27324A1D7DD00FB5231 /* Release */ = {
			isa = XCBuildConfiguration;
			buildSettings = {
				ALWAYS_EMBED_SWIFT_STANDARD_LIBRARIES = YES;
				CODE_SIGN_STYLE = Automatic;
				DEVELOPMENT_TEAM = U774TM88M6;
				INFOPLIST_FILE = HowToSurviveThePoliceUITests/Info.plist;
				LD_RUNPATH_SEARCH_PATHS = (
					"$(inherited)",
					"@executable_path/Frameworks",
					"@loader_path/Frameworks",
				);
				PRODUCT_BUNDLE_IDENTIFIER = com.makeschool.HowToSurviveThePoliceUITests;
				PRODUCT_NAME = "$(TARGET_NAME)";
				SWIFT_VERSION = 5.0;
				TARGETED_DEVICE_FAMILY = "1,2";
				TEST_TARGET_NAME = HowToSurviveThePolice;
			};
			name = Release;
		};
/* End XCBuildConfiguration section */

/* Begin XCConfigurationList section */
		2978A23724A1D7DA00FB5231 /* Build configuration list for PBXProject "HowToSurviveThePolice" */ = {
			isa = XCConfigurationList;
			buildConfigurations = (
				2978A26924A1D7DD00FB5231 /* Debug */,
				2978A26A24A1D7DD00FB5231 /* Release */,
			);
			defaultConfigurationIsVisible = 0;
			defaultConfigurationName = Release;
		};
		2978A26B24A1D7DD00FB5231 /* Build configuration list for PBXNativeTarget "HowToSurviveThePolice" */ = {
			isa = XCConfigurationList;
			buildConfigurations = (
				2978A26C24A1D7DD00FB5231 /* Debug */,
				2978A26D24A1D7DD00FB5231 /* Release */,
			);
			defaultConfigurationIsVisible = 0;
			defaultConfigurationName = Release;
		};
		2978A26E24A1D7DD00FB5231 /* Build configuration list for PBXNativeTarget "HowToSurviveThePoliceTests" */ = {
			isa = XCConfigurationList;
			buildConfigurations = (
				2978A26F24A1D7DD00FB5231 /* Debug */,
				2978A27024A1D7DD00FB5231 /* Release */,
			);
			defaultConfigurationIsVisible = 0;
			defaultConfigurationName = Release;
		};
		2978A27124A1D7DD00FB5231 /* Build configuration list for PBXNativeTarget "HowToSurviveThePoliceUITests" */ = {
			isa = XCConfigurationList;
			buildConfigurations = (
				2978A27224A1D7DD00FB5231 /* Debug */,
				2978A27324A1D7DD00FB5231 /* Release */,
			);
			defaultConfigurationIsVisible = 0;
			defaultConfigurationName = Release;
		};
/* End XCConfigurationList section */

/* Begin XCVersionGroup section */
		2978A24A24A1D7DA00FB5231 /* HowToSurviveThePolice.xcdatamodeld */ = {
			isa = XCVersionGroup;
			children = (
				2978A24B24A1D7DA00FB5231 /* HowToSurviveThePolice.xcdatamodel */,
			);
			currentVersion = 2978A24B24A1D7DA00FB5231 /* HowToSurviveThePolice.xcdatamodel */;
			path = HowToSurviveThePolice.xcdatamodeld;
			sourceTree = "<group>";
			versionGroupType = wrapper.xcdatamodel;
		};
/* End XCVersionGroup section */
	};
	rootObject = 2978A23424A1D7DA00FB5231 /* Project object */;
}
